
Microsoft Visual Studio Solution File, Format Version 12.00
# Visual Studio 2013
VisualStudioVersion = 12.0.31101.0
MinimumVisualStudioVersion = 10.0.40219.1
Project("{8BC9CEB8-8B4A-11D0-8D11-00A0C91BC942}") = "wsmud", "wsmud.vcxproj", "{26B46C3B-E79F-463F-B342-07E2D7402B50}"
EndProject
Project("{8BC9CEB8-8B4A-11D0-8D11-00A0C91BC942}") = "log4cpp", "..\..\..\bin\log4cpp\msvc10\log4cpp\log4cpp.vcxproj", "{8C796FDD-5BB9-41D5-8471-DDC897C8C486}"
EndProject
Global
	GlobalSection(SolutionConfigurationPlatforms) = preSolution
		Debug with Boost|Mixed Platforms = Debug with Boost|Mixed Platforms
		Debug with Boost|Win32 = Debug with Boost|Win32
		Debug with Boost|x64 = Debug with Boost|x64
		Debug|Mixed Platforms = Debug|Mixed Platforms
		Debug|Win32 = Debug|Win32
		Debug|x64 = Debug|x64
		Release with Boost|Mixed Platforms = Release with Boost|Mixed Platforms
		Release with Boost|Win32 = Release with Boost|Win32
		Release with Boost|x64 = Release with Boost|x64
		Release|Mixed Platforms = Release|Mixed Platforms
		Release|Win32 = Release|Win32
		Release|x64 = Release|x64
	EndGlobalSection
	GlobalSection(ProjectConfigurationPlatforms) = postSolution
		{26B46C3B-E79F-463F-B342-07E2D7402B50}.Debug with Boost|Mixed Platforms.ActiveCfg = Debug|Win32
		{26B46C3B-E79F-463F-B342-07E2D7402B50}.Debug with Boost|Mixed Platforms.Build.0 = Debug|Win32
		{26B46C3B-E79F-463F-B342-07E2D7402B50}.Debug with Boost|Win32.ActiveCfg = Debug|Win32
		{26B46C3B-E79F-463F-B342-07E2D7402B50}.Debug with Boost|Win32.Build.0 = Debug|Win32
		{26B46C3B-E79F-463F-B342-07E2D7402B50}.Debug with Boost|x64.ActiveCfg = Debug|x64
		{26B46C3B-E79F-463F-B342-07E2D7402B50}.Debug with Boost|x64.Build.0 = Debug|x64
		{26B46C3B-E79F-463F-B342-07E2D7402B50}.Debug|Mixed Platforms.ActiveCfg = Debug|Win32
		{26B46C3B-E79F-463F-B342-07E2D7402B50}.Debug|Mixed Platforms.Build.0 = Debug|Win32
		{26B46C3B-E79F-463F-B342-07E2D7402B50}.Debug|Win32.ActiveCfg = Debug|Win32
		{26B46C3B-E79F-463F-B342-07E2D7402B50}.Debug|Win32.Build.0 = Debug|Win32
		{26B46C3B-E79F-463F-B342-07E2D7402B50}.Debug|x64.ActiveCfg = Debug|x64
		{26B46C3B-E79F-463F-B342-07E2D7402B50}.Debug|x64.Build.0 = Debug|x64
		{26B46C3B-E79F-463F-B342-07E2D7402B50}.Release with Boost|Mixed Platforms.ActiveCfg = Release|Win32
		{26B46C3B-E79F-463F-B342-07E2D7402B50}.Release with Boost|Mixed Platforms.Build.0 = Release|Win32
		{26B46C3B-E79F-463F-B342-07E2D7402B50}.Release with Boost|Win32.ActiveCfg = Release|Win32
		{26B46C3B-E79F-463F-B342-07E2D7402B50}.Release with Boost|Win32.Build.0 = Release|Win32
		{26B46C3B-E79F-463F-B342-07E2D7402B50}.Release with Boost|x64.ActiveCfg = Release|x64
		{26B46C3B-E79F-463F-B342-07E2D7402B50}.Release with Boost|x64.Build.0 = Release|x64
		{26B46C3B-E79F-463F-B342-07E2D7402B50}.Release|Mixed Platforms.ActiveCfg = Release|Win32
		{26B46C3B-E79F-463F-B342-07E2D7402B50}.Release|Mixed Platforms.Build.0 = Release|Win32
		{26B46C3B-E79F-463F-B342-07E2D7402B50}.Release|Win32.ActiveCfg = Release|Win32
		{26B46C3B-E79F-463F-B342-07E2D7402B50}.Release|Win32.Build.0 = Release|Win32
		{26B46C3B-E79F-463F-B342-07E2D7402B50}.Release|x64.ActiveCfg = Release|x64
		{26B46C3B-E79F-463F-B342-07E2D7402B50}.Release|x64.Build.0 = Release|x64
		{8C796FDD-5BB9-41D5-8471-DDC897C8C486}.Debug with Boost|Mixed Platforms.ActiveCfg = Debug with Boost|Win32
		{8C796FDD-5BB9-41D5-8471-DDC897C8C486}.Debug with Boost|Mixed Platforms.Build.0 = Debug with Boost|Win32
		{8C796FDD-5BB9-41D5-8471-DDC897C8C486}.Debug with Boost|Win32.ActiveCfg = Debug with Boost|Win32
		{8C796FDD-5BB9-41D5-8471-DDC897C8C486}.Debug with Boost|Win32.Build.0 = Debug with Boost|Win32
		{8C796FDD-5BB9-41D5-8471-DDC897C8C486}.Debug with Boost|x64.ActiveCfg = Debug with Boost|Win32
		{8C796FDD-5BB9-41D5-8471-DDC897C8C486}.Debug|Mixed Platforms.ActiveCfg = Debug|Win32
		{8C796FDD-5BB9-41D5-8471-DDC897C8C486}.Debug|Mixed Platforms.Build.0 = Debug|Win32
		{8C796FDD-5BB9-41D5-8471-DDC897C8C486}.Debug|Win32.ActiveCfg = Debug|Win32
		{8C796FDD-5BB9-41D5-8471-DDC897C8C486}.Debug|Win32.Build.0 = Debug|Win32
		{8C796FDD-5BB9-41D5-8471-DDC897C8C486}.Debug|x64.ActiveCfg = Debug|x64
		{8C796FDD-5BB9-41D5-8471-DDC897C8C486}.Debug|x64.Build.0 = Debug|x64
		{8C796FDD-5BB9-41D5-8471-DDC897C8C486}.Release with Boost|Mixed Platforms.ActiveCfg = Release with Boost|Win32
		{8C796FDD-5BB9-41D5-8471-DDC897C8C486}.Release with Boost|Mixed Platforms.Build.0 = Release with Boost|Win32
		{8C796FDD-5BB9-41D5-8471-DDC897C8C486}.Release with Boost|Win32.ActiveCfg = Release with Boost|Win32
		{8C796FDD-5BB9-41D5-8471-DDC897C8C486}.Release with Boost|Win32.Build.0 = Release with Boost|Win32
		{8C796FDD-5BB9-41D5-8471-DDC897C8C486}.Release with Boost|x64.ActiveCfg = Release with Boost|Win32
		{8C796FDD-5BB9-41D5-8471-DDC897C8C486}.Release|Mixed Platforms.ActiveCfg = Release|Win32
		{8C796FDD-5BB9-41D5-8471-DDC897C8C486}.Release|Mixed Platforms.Build.0 = Release|Win32
		{8C796FDD-5BB9-41D5-8471-DDC897C8C486}.Release|Win32.ActiveCfg = Release|Win32
		{8C796FDD-5BB9-41D5-8471-DDC897C8C486}.Release|Win32.Build.0 = Release|Win32
		{8C796FDD-5BB9-41D5-8471-DDC897C8C486}.Release|x64.ActiveCfg = Release|Win32
	EndGlobalSection
	GlobalSection(SolutionProperties) = preSolution
		HideSolutionNode = FALSE
	EndGlobalSection
EndGlobal
